
Microsoft Visual Studio Solution File, Format Version 12.00
# Visual Studio Version 17
VisualStudioVersion = 17.0.31903.59
MinimumVisualStudioVersion = 10.0.40219.1
Project("{FAE04EC0-301F-11D3-BF4B-00C04F79EFBC}") = "Resulty", "src\Resulty\Resulty.csproj", "{1EE2760B-553C-4DBB-B873-EC4DF506978A}"
EndProject
Project("{FAE04EC0-301F-11D3-BF4B-00C04F79EFBC}") = "Resulty.UnitTests", "tests\Resulty.UnitTests\Resulty.UnitTests.csproj", "{7DEDE7BF-027C-43D7-BE77-406183BAE331}"
EndProject
Global
	GlobalSection(SolutionConfigurationPlatforms) = preSolution
		Debug|Any CPU = Debug|Any CPU
		Release|Any CPU = Release|Any CPU
	EndGlobalSection
	GlobalSection(ProjectConfigurationPlatforms) = postSolution
		{1EE2760B-553C-4DBB-B873-EC4DF506978A}.Debug|Any CPU.ActiveCfg = Debug|Any CPU
		{1EE2760B-553C-4DBB-B873-EC4DF506978A}.Debug|Any CPU.Build.0 = Debug|Any CPU
		{1EE2760B-553C-4DBB-B873-EC4DF506978A}.Release|Any CPU.ActiveCfg = Release|Any CPU
		{1EE2760B-553C-4DBB-B873-EC4DF506978A}.Release|Any CPU.Build.0 = Release|Any CPU
		{7DEDE7BF-027C-43D7-BE77-406183BAE331}.Debug|Any CPU.ActiveCfg = Debug|Any CPU
		{7DEDE7BF-027C-43D7-BE77-406183BAE331}.Debug|Any CPU.Build.0 = Debug|Any CPU
		{7DEDE7BF-027C-43D7-BE77-406183BAE331}.Release|Any CPU.ActiveCfg = Release|Any CPU
		{7DEDE7BF-027C-43D7-BE77-406183BAE331}.Release|Any CPU.Build.0 = Release|Any CPU
	EndGlobalSection
	GlobalSection(SolutionProperties) = preSolution
		HideSolutionNode = FALSE
	EndGlobalSection
	GlobalSection(ExtensibilityGlobals) = postSolution
		SolutionGuid = {8A2D8C2A-27CD-4857-AB99-236E1D31C684}
	EndGlobalSection
EndGlobal
